
Microsoft Visual Studio Solution File, Format Version 12.00
# Visual Studio 14
VisualStudioVersion = 14.0.24720.0
MinimumVisualStudioVersion = 10.0.40219.1
Project("{262852C6-CD72-467D-83FE-5EEB1973A190}") = "ewb.packaged", "ewb.packaged.jsproj", "{90B1A466-AFA2-F0D6-3045-DDE8D6F7252E}"
EndProject
Global
	GlobalSection(SolutionConfigurationPlatforms) = preSolution
		Demo|Any CPU = Demo|Any CPU
		Dev|Any CPU = Dev|Any CPU
		Prod|Any CPU = Prod|Any CPU
		Test|Any CPU = Test|Any CPU
	EndGlobalSection
	GlobalSection(ProjectConfigurationPlatforms) = postSolution
		{90B1A466-AFA2-F0D6-3045-DDE8D6F7252E}.Demo|Any CPU.ActiveCfg = Demo|Any CPU
		{90B1A466-AFA2-F0D6-3045-DDE8D6F7252E}.Demo|Any CPU.Build.0 = Demo|Any CPU
		{90B1A466-AFA2-F0D6-3045-DDE8D6F7252E}.Demo|Any CPU.Deploy.0 = Demo|Any CPU
		{90B1A466-AFA2-F0D6-3045-DDE8D6F7252E}.Dev|Any CPU.ActiveCfg = Dev|Any CPU
		{90B1A466-AFA2-F0D6-3045-DDE8D6F7252E}.Dev|Any CPU.Build.0 = Dev|Any CPU
		{90B1A466-AFA2-F0D6-3045-DDE8D6F7252E}.Dev|Any CPU.Deploy.0 = Dev|Any CPU
		{90B1A466-AFA2-F0D6-3045-DDE8D6F7252E}.Prod|Any CPU.ActiveCfg = Prod|Any CPU
		{90B1A466-AFA2-F0D6-3045-DDE8D6F7252E}.Prod|Any CPU.Build.0 = Prod|Any CPU
		{90B1A466-AFA2-F0D6-3045-DDE8D6F7252E}.Prod|Any CPU.Deploy.0 = Prod|Any CPU
		{90B1A466-AFA2-F0D6-3045-DDE8D6F7252E}.Test|Any CPU.ActiveCfg = Test|Any CPU
		{90B1A466-AFA2-F0D6-3045-DDE8D6F7252E}.Test|Any CPU.Build.0 = Test|Any CPU
		{90B1A466-AFA2-F0D6-3045-DDE8D6F7252E}.Test|Any CPU.Deploy.0 = Test|Any CPU
	EndGlobalSection
	GlobalSection(SolutionProperties) = preSolution
		HideSolutionNode = FALSE
	EndGlobalSection
EndGlobal
